
Microsoft Visual Studio Solution File, Format Version 12.00
# Visual Studio 15
VisualStudioVersion = 15.0.26228.43
MinimumVisualStudioVersion = 10.0.40219.1
Project("{FAE04EC0-301F-11D3-BF4B-00C04F79EFBC}") = "WcfService1", "WcfService1\WcfService1.csproj", "{ECB62AEC-6D03-4527-8F8E-F4D8806A895F}"
EndProject
Global
	GlobalSection(SolutionConfigurationPlatforms) = preSolution
		Debug|Any CPU = Debug|Any CPU
		Release|Any CPU = Release|Any CPU
	EndGlobalSection
	GlobalSection(ProjectConfigurationPlatforms) = postSolution
		{ECB62AEC-6D03-4527-8F8E-F4D8806A895F}.Debug|Any CPU.ActiveCfg = Debug|Any CPU
		{ECB62AEC-6D03-4527-8F8E-F4D8806A895F}.Debug|Any CPU.Build.0 = Debug|Any CPU
		{ECB62AEC-6D03-4527-8F8E-F4D8806A895F}.Release|Any CPU.ActiveCfg = Release|Any CPU
		{ECB62AEC-6D03-4527-8F8E-F4D8806A895F}.Release|Any CPU.Build.0 = Release|Any CPU
	EndGlobalSection
	GlobalSection(SolutionProperties) = preSolution
		HideSolutionNode = FALSE
	EndGlobalSection
EndGlobal
